
Microsoft Visual Studio Solution File, Format Version 12.00
# Visual Studio Version 16
VisualStudioVersion = 16.0.29025.244
MinimumVisualStudioVersion = 10.0.40219.1
Project("{FAE04EC0-301F-11D3-BF4B-00C04F79EFBC}") = "Mikroprocesor", "Mikroprocesor\Mikroprocesor.csproj", "{A655CB63-2F9F-4352-955B-BCDAF01C48AD}"
EndProject
Global
	GlobalSection(SolutionConfigurationPlatforms) = preSolution
		Debug|Any CPU = Debug|Any CPU
		Release|Any CPU = Release|Any CPU
	EndGlobalSection
	GlobalSection(ProjectConfigurationPlatforms) = postSolution
		{A655CB63-2F9F-4352-955B-BCDAF01C48AD}.Debug|Any CPU.ActiveCfg = Debug|Any CPU
		{A655CB63-2F9F-4352-955B-BCDAF01C48AD}.Debug|Any CPU.Build.0 = Debug|Any CPU
		{A655CB63-2F9F-4352-955B-BCDAF01C48AD}.Release|Any CPU.ActiveCfg = Release|Any CPU
		{A655CB63-2F9F-4352-955B-BCDAF01C48AD}.Release|Any CPU.Build.0 = Release|Any CPU
	EndGlobalSection
	GlobalSection(SolutionProperties) = preSolution
		HideSolutionNode = FALSE
	EndGlobalSection
	GlobalSection(ExtensibilityGlobals) = postSolution
		SolutionGuid = {94359643-06F2-4083-A7EC-F36AE91860B7}
	EndGlobalSection
EndGlobal
